// !$*UTF8*$!
{
	archiveVersion = 1;
	classes = {
	};
	objectVersion = 46;
	objects = {

/* Begin PBXBuildFile section */
		033909E31C73213B00E97EEB /* AppDelegate.swift in Sources */ = {isa = PBXBuildFile; fileRef = 033909E21C73213B00E97EEB /* AppDelegate.swift */; };
		033909E51C73213B00E97EEB /* ViewController.swift in Sources */ = {isa = PBXBuildFile; fileRef = 033909E41C73213B00E97EEB /* ViewController.swift */; };
		033909E81C73213B00E97EEB /* Main.storyboard in Resources */ = {isa = PBXBuildFile; fileRef = 033909E61C73213B00E97EEB /* Main.storyboard */; };
		033909EA1C73213B00E97EEB /* Assets.xcassets in Resources */ = {isa = PBXBuildFile; fileRef = 033909E91C73213B00E97EEB /* Assets.xcassets */; };
		033909ED1C73213B00E97EEB /* LaunchScreen.storyboard in Resources */ = {isa = PBXBuildFile; fileRef = 033909EB1C73213B00E97EEB /* LaunchScreen.storyboard */; };
		033909F81C73213B00E97EEB /* TraceYourFriends_IOSTests.swift in Sources */ = {isa = PBXBuildFile; fileRef = 033909F71C73213B00E97EEB /* TraceYourFriends_IOSTests.swift */; };
		03390A031C73213B00E97EEB /* TraceYourFriends_IOSUITests.swift in Sources */ = {isa = PBXBuildFile; fileRef = 03390A021C73213B00E97EEB /* TraceYourFriends_IOSUITests.swift */; };
		03390A111C736C0E00E97EEB /* SignUpViewController.swift in Sources */ = {isa = PBXBuildFile; fileRef = 03390A101C736C0E00E97EEB /* SignUpViewController.swift */; settings = {ASSET_TAGS = (); }; };
		03390A511C7708AD00E97EEB /* LogInViewController.swift in Sources */ = {isa = PBXBuildFile; fileRef = 03390A501C7708AD00E97EEB /* LogInViewController.swift */; settings = {ASSET_TAGS = (); }; };
		038BDFC21C9AA3E80045C0E5 /* MapKit.framework in Frameworks */ = {isa = PBXBuildFile; fileRef = 038BDFC11C9AA3E80045C0E5 /* MapKit.framework */; };
		038BDFC41C9AA4170045C0E5 /* ButtonView.swift in Sources */ = {isa = PBXBuildFile; fileRef = 038BDFC31C9AA4170045C0E5 /* ButtonView.swift */; settings = {ASSET_TAGS = (); }; };
/* End PBXBuildFile section */

/* Begin PBXContainerItemProxy section */
		033909F41C73213B00E97EEB /* PBXContainerItemProxy */ = {
			isa = PBXContainerItemProxy;
			containerPortal = 033909D71C73213B00E97EEB /* Project object */;
			proxyType = 1;
			remoteGlobalIDString = 033909DE1C73213B00E97EEB;
			remoteInfo = "TraceYourFriends-IOS";
		};
		033909FF1C73213B00E97EEB /* PBXContainerItemProxy */ = {
			isa = PBXContainerItemProxy;
			containerPortal = 033909D71C73213B00E97EEB /* Project object */;
			proxyType = 1;
			remoteGlobalIDString = 033909DE1C73213B00E97EEB;
			remoteInfo = "TraceYourFriends-IOS";
		};
/* End PBXContainerItemProxy section */

/* Begin PBXFileReference section */
		033909DF1C73213B00E97EEB /* TraceYourFriends-IOS.app */ = {isa = PBXFileReference; explicitFileType = wrapper.application; includeInIndex = 0; path = "TraceYourFriends-IOS.app"; sourceTree = BUILT_PRODUCTS_DIR; };
		033909E21C73213B00E97EEB /* AppDelegate.swift */ = {isa = PBXFileReference; lastKnownFileType = sourcecode.swift; path = AppDelegate.swift; sourceTree = "<group>"; };
		033909E41C73213B00E97EEB /* ViewController.swift */ = {isa = PBXFileReference; lastKnownFileType = sourcecode.swift; path = ViewController.swift; sourceTree = "<group>"; };
		033909E71C73213B00E97EEB /* Base */ = {isa = PBXFileReference; lastKnownFileType = file.storyboard; name = Base; path = Base.lproj/Main.storyboard; sourceTree = "<group>"; };
		033909E91C73213B00E97EEB /* Assets.xcassets */ = {isa = PBXFileReference; lastKnownFileType = folder.assetcatalog; path = Assets.xcassets; sourceTree = "<group>"; };
		033909EC1C73213B00E97EEB /* Base */ = {isa = PBXFileReference; lastKnownFileType = file.storyboard; name = Base; path = Base.lproj/LaunchScreen.storyboard; sourceTree = "<group>"; };
		033909EE1C73213B00E97EEB /* Info.plist */ = {isa = PBXFileReference; lastKnownFileType = text.plist.xml; path = Info.plist; sourceTree = "<group>"; };
		033909F31C73213B00E97EEB /* TraceYourFriends-IOSTests.xctest */ = {isa = PBXFileReference; explicitFileType = wrapper.cfbundle; includeInIndex = 0; path = "TraceYourFriends-IOSTests.xctest"; sourceTree = BUILT_PRODUCTS_DIR; };
		033909F71C73213B00E97EEB /* TraceYourFriends_IOSTests.swift */ = {isa = PBXFileReference; lastKnownFileType = sourcecode.swift; path = TraceYourFriends_IOSTests.swift; sourceTree = "<group>"; };
		033909F91C73213B00E97EEB /* Info.plist */ = {isa = PBXFileReference; lastKnownFileType = text.plist.xml; path = Info.plist; sourceTree = "<group>"; };
		033909FE1C73213B00E97EEB /* TraceYourFriends-IOSUITests.xctest */ = {isa = PBXFileReference; explicitFileType = wrapper.cfbundle; includeInIndex = 0; path = "TraceYourFriends-IOSUITests.xctest"; sourceTree = BUILT_PRODUCTS_DIR; };
		03390A021C73213B00E97EEB /* TraceYourFriends_IOSUITests.swift */ = {isa = PBXFileReference; lastKnownFileType = sourcecode.swift; path = TraceYourFriends_IOSUITests.swift; sourceTree = "<group>"; };
		03390A041C73213B00E97EEB /* Info.plist */ = {isa = PBXFileReference; lastKnownFileType = text.plist.xml; path = Info.plist; sourceTree = "<group>"; };
		03390A101C736C0E00E97EEB /* SignUpViewController.swift */ = {isa = PBXFileReference; fileEncoding = 4; lastKnownFileType = sourcecode.swift; path = SignUpViewController.swift; sourceTree = "<group>"; };
		03390A501C7708AD00E97EEB /* LogInViewController.swift */ = {isa = PBXFileReference; fileEncoding = 4; lastKnownFileType = sourcecode.swift; path = LogInViewController.swift; sourceTree = "<group>"; };
		038BDFC11C9AA3E80045C0E5 /* MapKit.framework */ = {isa = PBXFileReference; lastKnownFileType = wrapper.framework; name = MapKit.framework; path = System/Library/Frameworks/MapKit.framework; sourceTree = SDKROOT; };
		038BDFC31C9AA4170045C0E5 /* ButtonView.swift */ = {isa = PBXFileReference; fileEncoding = 4; lastKnownFileType = sourcecode.swift; path = ButtonView.swift; sourceTree = "<group>"; };
/* End PBXFileReference section */

/* Begin PBXFrameworksBuildPhase section */
		033909DC1C73213B00E97EEB /* Frameworks */ = {
			isa = PBXFrameworksBuildPhase;
			buildActionMask = 2147483647;
			files = (
				038BDFC21C9AA3E80045C0E5 /* MapKit.framework in Frameworks */,
			);
			runOnlyForDeploymentPostprocessing = 0;
		};
		033909F01C73213B00E97EEB /* Frameworks */ = {
			isa = PBXFrameworksBuildPhase;
			buildActionMask = 2147483647;
			files = (
			);
			runOnlyForDeploymentPostprocessing = 0;
		};
		033909FB1C73213B00E97EEB /* Frameworks */ = {
			isa = PBXFrameworksBuildPhase;
			buildActionMask = 2147483647;
			files = (
			);
			runOnlyForDeploymentPostprocessing = 0;
		};
/* End PBXFrameworksBuildPhase section */

/* Begin PBXGroup section */
		033909D61C73213B00E97EEB = {
			isa = PBXGroup;
			children = (
				038BDFC11C9AA3E80045C0E5 /* MapKit.framework */,
				033909E11C73213B00E97EEB /* TraceYourFriends-IOS */,
				033909F61C73213B00E97EEB /* TraceYourFriends-IOSTests */,
				03390A011C73213B00E97EEB /* TraceYourFriends-IOSUITests */,
				033909E01C73213B00E97EEB /* Products */,
			);
			sourceTree = "<group>";
		};
		033909E01C73213B00E97EEB /* Products */ = {
			isa = PBXGroup;
			children = (
				033909DF1C73213B00E97EEB /* TraceYourFriends-IOS.app */,
				033909F31C73213B00E97EEB /* TraceYourFriends-IOSTests.xctest */,
				033909FE1C73213B00E97EEB /* TraceYourFriends-IOSUITests.xctest */,
			);
			name = Products;
			sourceTree = "<group>";
		};
		033909E11C73213B00E97EEB /* TraceYourFriends-IOS */ = {
			isa = PBXGroup;
			children = (
				033909E21C73213B00E97EEB /* AppDelegate.swift */,
				033909E41C73213B00E97EEB /* ViewController.swift */,
				033909E61C73213B00E97EEB /* Main.storyboard */,
				033909E91C73213B00E97EEB /* Assets.xcassets */,
				033909EB1C73213B00E97EEB /* LaunchScreen.storyboard */,
				033909EE1C73213B00E97EEB /* Info.plist */,
				03390A101C736C0E00E97EEB /* SignUpViewController.swift */,
				03390A501C7708AD00E97EEB /* LogInViewController.swift */,
				038BDFC31C9AA4170045C0E5 /* ButtonView.swift */,
			);
			path = "TraceYourFriends-IOS";
			sourceTree = "<group>";
		};
		033909F61C73213B00E97EEB /* TraceYourFriends-IOSTests */ = {
			isa = PBXGroup;
			children = (
				033909F71C73213B00E97EEB /* TraceYourFriends_IOSTests.swift */,
				033909F91C73213B00E97EEB /* Info.plist */,
			);
			path = "TraceYourFriends-IOSTests";
			sourceTree = "<group>";
		};
		03390A011C73213B00E97EEB /* TraceYourFriends-IOSUITests */ = {
			isa = PBXGroup;
			children = (
				03390A021C73213B00E97EEB /* TraceYourFriends_IOSUITests.swift */,
				03390A041C73213B00E97EEB /* Info.plist */,
			);
			path = "TraceYourFriends-IOSUITests";
			sourceTree = "<group>";
		};
/* End PBXGroup section */

/* Begin PBXNativeTarget section */
		033909DE1C73213B00E97EEB /* TraceYourFriends-IOS */ = {
			isa = PBXNativeTarget;
			buildConfigurationList = 03390A071C73213B00E97EEB /* Build configuration list for PBXNativeTarget "TraceYourFriends-IOS" */;
			buildPhases = (
				033909DB1C73213B00E97EEB /* Sources */,
				033909DC1C73213B00E97EEB /* Frameworks */,
				033909DD1C73213B00E97EEB /* Resources */,
			);
			buildRules = (
			);
			dependencies = (
			);
			name = "TraceYourFriends-IOS";
			productName = "TraceYourFriends-IOS";
			productReference = 033909DF1C73213B00E97EEB /* TraceYourFriends-IOS.app */;
			productType = "com.apple.product-type.application";
		};
		033909F21C73213B00E97EEB /* TraceYourFriends-IOSTests */ = {
			isa = PBXNativeTarget;
			buildConfigurationList = 03390A0A1C73213B00E97EEB /* Build configuration list for PBXNativeTarget "TraceYourFriends-IOSTests" */;
			buildPhases = (
				033909EF1C73213B00E97EEB /* Sources */,
				033909F01C73213B00E97EEB /* Frameworks */,
				033909F11C73213B00E97EEB /* Resources */,
			);
			buildRules = (
			);
			dependencies = (
				033909F51C73213B00E97EEB /* PBXTargetDependency */,
			);
			name = "TraceYourFriends-IOSTests";
			productName = "TraceYourFriends-IOSTests";
			productReference = 033909F31C73213B00E97EEB /* TraceYourFriends-IOSTests.xctest */;
			productType = "com.apple.product-type.bundle.unit-test";
		};
		033909FD1C73213B00E97EEB /* TraceYourFriends-IOSUITests */ = {
			isa = PBXNativeTarget;
			buildConfigurationList = 03390A0D1C73213B00E97EEB /* Build configuration list for PBXNativeTarget "TraceYourFriends-IOSUITests" */;
			buildPhases = (
				033909FA1C73213B00E97EEB /* Sources */,
				033909FB1C73213B00E97EEB /* Frameworks */,
				033909FC1C73213B00E97EEB /* Resources */,
			);
			buildRules = (
			);
			dependencies = (
				03390A001C73213B00E97EEB /* PBXTargetDependency */,
			);
			name = "TraceYourFriends-IOSUITests";
			productName = "TraceYourFriends-IOSUITests";
			productReference = 033909FE1C73213B00E97EEB /* TraceYourFriends-IOSUITests.xctest */;
			productType = "com.apple.product-type.bundle.ui-testing";
		};
/* End PBXNativeTarget section */

/* Begin PBXProject section */
		033909D71C73213B00E97EEB /* Project object */ = {
			isa = PBXProject;
			attributes = {
				LastUpgradeCheck = 0700;
				ORGANIZATIONNAME = Aniss;
				TargetAttributes = {
					033909DE1C73213B00E97EEB = {
						CreatedOnToolsVersion = 7.0.1;
					};
					033909F21C73213B00E97EEB = {
						CreatedOnToolsVersion = 7.0.1;
						TestTargetID = 033909DE1C73213B00E97EEB;
					};
					033909FD1C73213B00E97EEB = {
						CreatedOnToolsVersion = 7.0.1;
						TestTargetID = 033909DE1C73213B00E97EEB;
					};
				};
			};
			buildConfigurationList = 033909DA1C73213B00E97EEB /* Build configuration list for PBXProject "TraceYourFriends-IOS" */;
			compatibilityVersion = "Xcode 3.2";
			developmentRegion = English;
			hasScannedForEncodings = 0;
			knownRegions = (
				en,
				Base,
			);
			mainGroup = 033909D61C73213B00E97EEB;
			productRefGroup = 033909E01C73213B00E97EEB /* Products */;
			projectDirPath = "";
			projectRoot = "";
			targets = (
				033909DE1C73213B00E97EEB /* TraceYourFriends-IOS */,
				033909F21C73213B00E97EEB /* TraceYourFriends-IOSTests */,
				033909FD1C73213B00E97EEB /* TraceYourFriends-IOSUITests */,
			);
		};
/* End PBXProject section */

/* Begin PBXResourcesBuildPhase section */
		033909DD1C73213B00E97EEB /* Resources */ = {
			isa = PBXResourcesBuildPhase;
			buildActionMask = 2147483647;
			files = (
				033909ED1C73213B00E97EEB /* LaunchScreen.storyboard in Resources */,
				033909EA1C73213B00E97EEB /* Assets.xcassets in Resources */,
				033909E81C73213B00E97EEB /* Main.storyboard in Resources */,
			);
			runOnlyForDeploymentPostprocessing = 0;
		};
		033909F11C73213B00E97EEB /* Resources */ = {
			isa = PBXResourcesBuildPhase;
			buildActionMask = 2147483647;
			files = (
			);
			runOnlyForDeploymentPostprocessing = 0;
		};
		033909FC1C73213B00E97EEB /* Resources */ = {
			isa = PBXResourcesBuildPhase;
			buildActionMask = 2147483647;
			files = (
			);
			runOnlyForDeploymentPostprocessing = 0;
		};
/* End PBXResourcesBuildPhase section */

/* Begin PBXSourcesBuildPhase section */
		033909DB1C73213B00E97EEB /* Sources */ = {
			isa = PBXSourcesBuildPhase;
			buildActionMask = 2147483647;
			files = (
				03390A511C7708AD00E97EEB /* LogInViewController.swift in Sources */,
				03390A111C736C0E00E97EEB /* SignUpViewController.swift in Sources */,
				038BDFC41C9AA4170045C0E5 /* ButtonView.swift in Sources */,
				033909E51C73213B00E97EEB /* ViewController.swift in Sources */,
				033909E31C73213B00E97EEB /* AppDelegate.swift in Sources */,
			);
			runOnlyForDeploymentPostprocessing = 0;
		};
		033909EF1C73213B00E97EEB /* Sources */ = {
			isa = PBXSourcesBuildPhase;
			buildActionMask = 2147483647;
			files = (
				033909F81C73213B00E97EEB /* TraceYourFriends_IOSTests.swift in Sources */,
			);
			runOnlyForDeploymentPostprocessing = 0;
		};
		033909FA1C73213B00E97EEB /* Sources */ = {
			isa = PBXSourcesBuildPhase;
			buildActionMask = 2147483647;
			files = (
				03390A031C73213B00E97EEB /* TraceYourFriends_IOSUITests.swift in Sources */,
			);
			runOnlyForDeploymentPostprocessing = 0;
		};
/* End PBXSourcesBuildPhase section */

/* Begin PBXTargetDependency section */
		033909F51C73213B00E97EEB /* PBXTargetDependency */ = {
			isa = PBXTargetDependency;
			target = 033909DE1C73213B00E97EEB /* TraceYourFriends-IOS */;
			targetProxy = 033909F41C73213B00E97EEB /* PBXContainerItemProxy */;
		};
		03390A001C73213B00E97EEB /* PBXTargetDependency */ = {
			isa = PBXTargetDependency;
			target = 033909DE1C73213B00E97EEB /* TraceYourFriends-IOS */;
			targetProxy = 033909FF1C73213B00E97EEB /* PBXContainerItemProxy */;
		};
/* End PBXTargetDependency section */

/* Begin PBXVariantGroup section */
		033909E61C73213B00E97EEB /* Main.storyboard */ = {
			isa = PBXVariantGroup;
			children = (
				033909E71C73213B00E97EEB /* Base */,
			);
			name = Main.storyboard;
			sourceTree = "<group>";
		};
		033909EB1C73213B00E97EEB /* LaunchScreen.storyboard */ = {
			isa = PBXVariantGroup;
			children = (
				033909EC1C73213B00E97EEB /* Base */,
			);
			name = LaunchScreen.storyboard;
			sourceTree = "<group>";
		};
/* End PBXVariantGroup section */

/* Begin XCBuildConfiguration section */
		03390A051C73213B00E97EEB /* Debug */ = {
			isa = XCBuildConfiguration;
			buildSettings = {
				ALWAYS_SEARCH_USER_PATHS = NO;
				CLANG_CXX_LANGUAGE_STANDARD = "gnu++0x";
				CLANG_CXX_LIBRARY = "libc++";
				CLANG_ENABLE_MODULES = YES;
				CLANG_ENABLE_OBJC_ARC = YES;
				CLANG_WARN_BOOL_CONVERSION = YES;
				CLANG_WARN_CONSTANT_CONVERSION = YES;
				CLANG_WARN_DIRECT_OBJC_ISA_USAGE = YES_ERROR;
				CLANG_WARN_EMPTY_BODY = YES;
				CLANG_WARN_ENUM_CONVERSION = YES;
				CLANG_WARN_INT_CONVERSION = YES;
				CLANG_WARN_OBJC_ROOT_CLASS = YES_ERROR;
				CLANG_WARN_UNREACHABLE_CODE = YES;
				CLANG_WARN__DUPLICATE_METHOD_MATCH = YES;
				"CODE_SIGN_IDENTITY[sdk=iphoneos*]" = "iPhone Developer";
				COPY_PHASE_STRIP = NO;
				DEBUG_INFORMATION_FORMAT = dwarf;
				ENABLE_STRICT_OBJC_MSGSEND = YES;
				ENABLE_TESTABILITY = YES;
				GCC_C_LANGUAGE_STANDARD = gnu99;
				GCC_DYNAMIC_NO_PIC = NO;
				GCC_NO_COMMON_BLOCKS = YES;
				GCC_OPTIMIZATION_LEVEL = 0;
				GCC_PREPROCESSOR_DEFINITIONS = (
					"DEBUG=1",
					"$(inherited)",
				);
				GCC_WARN_64_TO_32_BIT_CONVERSION = YES;
				GCC_WARN_ABOUT_RETURN_TYPE = YES_ERROR;
				GCC_WARN_UNDECLARED_SELECTOR = YES;
				GCC_WARN_UNINITIALIZED_AUTOS = YES_AGGRESSIVE;
				GCC_WARN_UNUSED_FUNCTION = YES;
				GCC_WARN_UNUSED_VARIABLE = YES;
				IPHONEOS_DEPLOYMENT_TARGET = 9.0;
				MTL_ENABLE_DEBUG_INFO = YES;
				ONLY_ACTIVE_ARCH = YES;
				SDKROOT = iphoneos;
				SWIFT_OPTIMIZATION_LEVEL = "-Onone";
			};
			name = Debug;
		};
		03390A061C73213B00E97EEB /* Release */ = {
			isa = XCBuildConfiguration;
			buildSettings = {
				ALWAYS_SEARCH_USER_PATHS = NO;
				CLANG_CXX_LANGUAGE_STANDARD = "gnu++0x";
				CLANG_CXX_LIBRARY = "libc++";
				CLANG_ENABLE_MODULES = YES;
				CLANG_ENABLE_OBJC_ARC = YES;
				CLANG_WARN_BOOL_CONVERSION = YES;
				CLANG_WARN_CONSTANT_CONVERSION = YES;
				CLANG_WARN_DIRECT_OBJC_ISA_USAGE = YES_ERROR;
				CLANG_WARN_EMPTY_BODY = YES;
				CLANG_WARN_ENUM_CONVERSION = YES;
				CLANG_WARN_INT_CONVERSION = YES;
				CLANG_WARN_OBJC_ROOT_CLASS = YES_ERROR;
				CLANG_WARN_UNREACHABLE_CODE = YES;
				CLANG_WARN__DUPLICATE_METHOD_MATCH = YES;
				"CODE_SIGN_IDENTITY[sdk=iphoneos*]" = "iPhone Developer";
				COPY_PHASE_STRIP = NO;
				DEBUG_INFORMATION_FORMAT = "dwarf-with-dsym";
				ENABLE_NS_ASSERTIONS = NO;
				ENABLE_STRICT_OBJC_MSGSEND = YES;
				GCC_C_LANGUAGE_STANDARD = gnu99;
				GCC_NO_COMMON_BLOCKS = YES;
				GCC_WARN_64_TO_32_BIT_CONVERSION = YES;
				GCC_WARN_ABOUT_RETURN_TYPE = YES_ERROR;
				GCC_WARN_UNDECLARED_SELECTOR = YES;
				GCC_WARN_UNINITIALIZED_AUTOS = YES_AGGRESSIVE;
				GCC_WARN_UNUSED_FUNCTION = YES;
				GCC_WARN_UNUSED_VARIABLE = YES;
				IPHONEOS_DEPLOYMENT_TARGET = 9.0;
				MTL_ENABLE_DEBUG_INFO = NO;
				SDKROOT = iphoneos;
				VALIDATE_PRODUCT = YES;
			};
			name = Release;
		};
		03390A081C73213B00E97EEB /* Debug */ = {
			isa = XCBuildConfiguration;
			buildSettings = {
				ASSETCATALOG_COMPILER_APPICON_NAME = AppIcon;
				INFOPLIST_FILE = "TraceYourFriends-IOS/Info.plist";
				LD_RUNPATH_SEARCH_PATHS = "$(inherited) @executable_path/Frameworks";
				PRODUCT_BUNDLE_IDENTIFIER = "com.example.TraceYourFriends-IOS";
				PRODUCT_NAME = "$(TARGET_NAME)";
			};
			name = Debug;
		};
		03390A091C73213B00E97EEB /* Release */ = {
			isa = XCBuildConfiguration;
			buildSettings = {
				ASSETCATALOG_COMPILER_APPICON_NAME = AppIcon;
				INFOPLIST_FILE = "TraceYourFriends-IOS/Info.plist";
				LD_RUNPATH_SEARCH_PATHS = "$(inherited) @executable_path/Frameworks";
				PRODUCT_BUNDLE_IDENTIFIER = "com.example.TraceYourFriends-IOS";
				PRODUCT_NAME = "$(TARGET_NAME)";
			};
			name = Release;
		};
		03390A0B1C73213B00E97EEB /* Debug */ = {
			isa = XCBuildConfiguration;
			buildSettings = {
				BUNDLE_LOADER = "$(TEST_HOST)";
				INFOPLIST_FILE = "TraceYourFriends-IOSTests/Info.plist";
				LD_RUNPATH_SEARCH_PATHS = "$(inherited) @executable_path/Frameworks @loader_path/Frameworks";
				PRODUCT_BUNDLE_IDENTIFIER = "com.example.TraceYourFriends-IOSTests";
				PRODUCT_NAME = "$(TARGET_NAME)";
				TEST_HOST = "$(BUILT_PRODUCTS_DIR)/TraceYourFriends-IOS.app/TraceYourFriends-IOS";
			};
			name = Debug;
		};
		03390A0C1C73213B00E97EEB /* Release */ = {
			isa = XCBuildConfiguration;
			buildSettings = {
				BUNDLE_LOADER = "$(TEST_HOST)";
				INFOPLIST_FILE = "TraceYourFriends-IOSTests/Info.plist";
				LD_RUNPATH_SEARCH_PATHS = "$(inherited) @executable_path/Frameworks @loader_path/Frameworks";
				PRODUCT_BUNDLE_IDENTIFIER = "com.example.TraceYourFriends-IOSTests";
				PRODUCT_NAME = "$(TARGET_NAME)";
				TEST_HOST = "$(BUILT_PRODUCTS_DIR)/TraceYourFriends-IOS.app/TraceYourFriends-IOS";
			};
			name = Release;
		};
		03390A0E1C73213B00E97EEB /* Debug */ = {
			isa = XCBuildConfiguration;
			buildSettings = {
				"CODE_SIGN_ENTITLEMENTS[sdk=macosx*]" = "";
				INFOPLIST_FILE = "TraceYourFriends-IOSUITests/Info.plist";
				LD_RUNPATH_SEARCH_PATHS = "$(inherited) @executable_path/Frameworks @loader_path/Frameworks";
				PRODUCT_BUNDLE_IDENTIFIER = "com.example.TraceYourFriends-IOSUITests";
				PRODUCT_NAME = "$(TARGET_NAME)";
				TEST_TARGET_NAME = "TraceYourFriends-IOS";
				USES_XCTRUNNER = YES;
			};
			name = Debug;
		};
		03390A0F1C73213B00E97EEB /* Release */ = {
			isa = XCBuildConfiguration;
			buildSettings = {
				"CODE_SIGN_ENTITLEMENTS[sdk=macosx*]" = "";
				INFOPLIST_FILE = "TraceYourFriends-IOSUITests/Info.plist";
				LD_RUNPATH_SEARCH_PATHS = "$(inherited) @executable_path/Frameworks @loader_path/Frameworks";
				PRODUCT_BUNDLE_IDENTIFIER = "com.example.TraceYourFriends-IOSUITests";
				PRODUCT_NAME = "$(TARGET_NAME)";
				TEST_TARGET_NAME = "TraceYourFriends-IOS";
				USES_XCTRUNNER = YES;
			};
			name = Release;
		};
/* End XCBuildConfiguration section */

/* Begin XCConfigurationList section */
		033909DA1C73213B00E97EEB /* Build configuration list for PBXProject "TraceYourFriends-IOS" */ = {
			isa = XCConfigurationList;
			buildConfigurations = (
				03390A051C73213B00E97EEB /* Debug */,
				03390A061C73213B00E97EEB /* Release */,
			);
			defaultConfigurationIsVisible = 0;
			defaultConfigurationName = Release;
		};
		03390A071C73213B00E97EEB /* Build configuration list for PBXNativeTarget "TraceYourFriends-IOS" */ = {
			isa = XCConfigurationList;
			buildConfigurations = (
				03390A081C73213B00E97EEB /* Debug */,
				03390A091C73213B00E97EEB /* Release */,
			);
			defaultConfigurationIsVisible = 0;
			defaultConfigurationName = Release;
		};
		03390A0A1C73213B00E97EEB /* Build configuration list for PBXNativeTarget "TraceYourFriends-IOSTests" */ = {
			isa = XCConfigurationList;
			buildConfigurations = (
				03390A0B1C73213B00E97EEB /* Debug */,
				03390A0C1C73213B00E97EEB /* Release */,
			);
			defaultConfigurationIsVisible = 0;
			defaultConfigurationName = Release;
		};
		03390A0D1C73213B00E97EEB /* Build configuration list for PBXNativeTarget "TraceYourFriends-IOSUITests" */ = {
			isa = XCConfigurationList;
			buildConfigurations = (
				03390A0E1C73213B00E97EEB /* Debug */,
				03390A0F1C73213B00E97EEB /* Release */,
			);
			defaultConfigurationIsVisible = 0;
			defaultConfigurationName = Release;
		};
/* End XCConfigurationList section */
	};
	rootObject = 033909D71C73213B00E97EEB /* Project object */;
}
